
Microsoft Visual Studio Solution File, Format Version 12.00
# Visual Studio Version 16
VisualStudioVersion = 16.0.30907.101
MinimumVisualStudioVersion = 10.0.40219.1
Project("{FAE04EC0-301F-11D3-BF4B-00C04F79EFBC}") = "Display Data from db", "Display Data from db\Display Data from db.csproj", "{28027699-717F-46EA-8D84-6949CCDDB4AF}"
EndProject
Global
	GlobalSection(SolutionConfigurationPlatforms) = preSolution
		Debug|Any CPU = Debug|Any CPU
		Release|Any CPU = Release|Any CPU
	EndGlobalSection
	GlobalSection(ProjectConfigurationPlatforms) = postSolution
		{28027699-717F-46EA-8D84-6949CCDDB4AF}.Debug|Any CPU.ActiveCfg = Debug|Any CPU
		{28027699-717F-46EA-8D84-6949CCDDB4AF}.Debug|Any CPU.Build.0 = Debug|Any CPU
		{28027699-717F-46EA-8D84-6949CCDDB4AF}.Release|Any CPU.ActiveCfg = Release|Any CPU
		{28027699-717F-46EA-8D84-6949CCDDB4AF}.Release|Any CPU.Build.0 = Release|Any CPU
	EndGlobalSection
	GlobalSection(SolutionProperties) = preSolution
		HideSolutionNode = FALSE
	EndGlobalSection
	GlobalSection(ExtensibilityGlobals) = postSolution
		SolutionGuid = {8E1FC60F-4B4F-4623-A27E-25B45FD7561B}
	EndGlobalSection
EndGlobal
